
Microsoft Visual Studio Solution File, Format Version 11.00
# Visual Studio 2010
Project("{FAE04EC0-301F-11D3-BF4B-00C04F79EFBC}") = "SprocToPOCO", "SprocToPOCO\SprocToPOCO.csproj", "{CA42BC40-7A6B-474C-A14A-58F152F5D8A8}"
EndProject
Global
	GlobalSection(SolutionConfigurationPlatforms) = preSolution
		Debug|x86 = Debug|x86
		Release|x86 = Release|x86
	EndGlobalSection
	GlobalSection(ProjectConfigurationPlatforms) = postSolution
		{CA42BC40-7A6B-474C-A14A-58F152F5D8A8}.Debug|x86.ActiveCfg = Debug|x86
		{CA42BC40-7A6B-474C-A14A-58F152F5D8A8}.Debug|x86.Build.0 = Debug|x86
		{CA42BC40-7A6B-474C-A14A-58F152F5D8A8}.Release|x86.ActiveCfg = Release|x86
		{CA42BC40-7A6B-474C-A14A-58F152F5D8A8}.Release|x86.Build.0 = Release|x86
	EndGlobalSection
	GlobalSection(SolutionProperties) = preSolution
		HideSolutionNode = FALSE
	EndGlobalSection
EndGlobal
